
Microsoft Visual Studio Solution File, Format Version 12.00
# Visual Studio Version 16
VisualStudioVersion = 16.0.30907.101
MinimumVisualStudioVersion = 10.0.40219.1
Project("{FAE04EC0-301F-11D3-BF4B-00C04F79EFBC}") = "ExamToporova", "ExamToporova\ExamToporova.csproj", "{4EF517B2-014C-42FE-99BE-0F801096C676}"
EndProject
Global
	GlobalSection(SolutionConfigurationPlatforms) = preSolution
		Debug|Any CPU = Debug|Any CPU
		Release|Any CPU = Release|Any CPU
	EndGlobalSection
	GlobalSection(ProjectConfigurationPlatforms) = postSolution
		{4EF517B2-014C-42FE-99BE-0F801096C676}.Debug|Any CPU.ActiveCfg = Debug|Any CPU
		{4EF517B2-014C-42FE-99BE-0F801096C676}.Debug|Any CPU.Build.0 = Debug|Any CPU
		{4EF517B2-014C-42FE-99BE-0F801096C676}.Release|Any CPU.ActiveCfg = Release|Any CPU
		{4EF517B2-014C-42FE-99BE-0F801096C676}.Release|Any CPU.Build.0 = Release|Any CPU
	EndGlobalSection
	GlobalSection(SolutionProperties) = preSolution
		HideSolutionNode = FALSE
	EndGlobalSection
	GlobalSection(ExtensibilityGlobals) = postSolution
		SolutionGuid = {C0AA6A67-B209-4D60-AF32-9F117E5ABCFF}
	EndGlobalSection
EndGlobal
